
Microsoft Visual Studio Solution File, Format Version 12.00
# Visual Studio Version 17
VisualStudioVersion = 17.0.32014.148
MinimumVisualStudioVersion = 10.0.40219.1
Project("{FAE04EC0-301F-11D3-BF4B-00C04F79EFBC}") = "EncryptDecryptAPI", "EncryptDecryptAPI\EncryptDecryptAPI.csproj", "{CAB1F646-B0CA-49C0-89B9-0173335C4B7C}"
EndProject
Project("{00D1A9C2-B5F0-4AF3-8072-F6C62B433612}") = "Database", "Database\Database.sqlproj", "{AC47D892-4DE6-4CE0-8E3E-3545D08CFC04}"
EndProject
Global
	GlobalSection(SolutionConfigurationPlatforms) = preSolution
		Debug|Any CPU = Debug|Any CPU
		Release|Any CPU = Release|Any CPU
	EndGlobalSection
	GlobalSection(ProjectConfigurationPlatforms) = postSolution
		{CAB1F646-B0CA-49C0-89B9-0173335C4B7C}.Debug|Any CPU.ActiveCfg = Debug|Any CPU
		{CAB1F646-B0CA-49C0-89B9-0173335C4B7C}.Debug|Any CPU.Build.0 = Debug|Any CPU
		{CAB1F646-B0CA-49C0-89B9-0173335C4B7C}.Release|Any CPU.ActiveCfg = Release|Any CPU
		{CAB1F646-B0CA-49C0-89B9-0173335C4B7C}.Release|Any CPU.Build.0 = Release|Any CPU
		{AC47D892-4DE6-4CE0-8E3E-3545D08CFC04}.Debug|Any CPU.ActiveCfg = Debug|Any CPU
		{AC47D892-4DE6-4CE0-8E3E-3545D08CFC04}.Debug|Any CPU.Build.0 = Debug|Any CPU
		{AC47D892-4DE6-4CE0-8E3E-3545D08CFC04}.Debug|Any CPU.Deploy.0 = Debug|Any CPU
		{AC47D892-4DE6-4CE0-8E3E-3545D08CFC04}.Release|Any CPU.ActiveCfg = Release|Any CPU
		{AC47D892-4DE6-4CE0-8E3E-3545D08CFC04}.Release|Any CPU.Build.0 = Release|Any CPU
		{AC47D892-4DE6-4CE0-8E3E-3545D08CFC04}.Release|Any CPU.Deploy.0 = Release|Any CPU
	EndGlobalSection
	GlobalSection(SolutionProperties) = preSolution
		HideSolutionNode = FALSE
	EndGlobalSection
	GlobalSection(ExtensibilityGlobals) = postSolution
		SolutionGuid = {2881D9F7-CBF4-4257-9788-6A84F8DAD027}
	EndGlobalSection
EndGlobal
